
Microsoft Visual Studio Solution File, Format Version 12.00
# Visual Studio Version 16
VisualStudioVersion = 16.0.29411.108
MinimumVisualStudioVersion = 10.0.40219.1
Project("{FAE04EC0-301F-11D3-BF4B-00C04F79EFBC}") = "GrandCircus", "GrandCircus\GrandCircus.csproj", "{777AD774-414E-49F0-B79C-125EA3FEBE16}"
EndProject
Global
	GlobalSection(SolutionConfigurationPlatforms) = preSolution
		Debug|Any CPU = Debug|Any CPU
		Release|Any CPU = Release|Any CPU
	EndGlobalSection
	GlobalSection(ProjectConfigurationPlatforms) = postSolution
		{777AD774-414E-49F0-B79C-125EA3FEBE16}.Debug|Any CPU.ActiveCfg = Debug|Any CPU
		{777AD774-414E-49F0-B79C-125EA3FEBE16}.Debug|Any CPU.Build.0 = Debug|Any CPU
		{777AD774-414E-49F0-B79C-125EA3FEBE16}.Release|Any CPU.ActiveCfg = Release|Any CPU
		{777AD774-414E-49F0-B79C-125EA3FEBE16}.Release|Any CPU.Build.0 = Release|Any CPU
	EndGlobalSection
	GlobalSection(SolutionProperties) = preSolution
		HideSolutionNode = FALSE
	EndGlobalSection
	GlobalSection(ExtensibilityGlobals) = postSolution
		SolutionGuid = {E510D768-9C68-4124-A8DF-FD34F18347E2}
	EndGlobalSection
EndGlobal
