
Microsoft Visual Studio Solution File, Format Version 12.00
# Visual Studio Version 16
VisualStudioVersion = 16.0.29926.136
MinimumVisualStudioVersion = 10.0.40219.1
Project("{9A19103F-16F7-4668-BE54-9A1E7A4F7556}") = "BooksAndNews", "BooksAndNews\BooksAndNews.csproj", "{76A0A496-24A4-493B-8508-CE4CE82F547D}"
EndProject
Project("{9A19103F-16F7-4668-BE54-9A1E7A4F7556}") = "BooksAndNews.DataAccess", "BooksAndNews.DataAccess\BooksAndNews.DataAccess.csproj", "{56749BD3-211D-470E-A63B-98851EC3EDCF}"
EndProject
Project("{9A19103F-16F7-4668-BE54-9A1E7A4F7556}") = "BooksAndNews.Application", "BooksAndNews.Application\BooksAndNews.Application.csproj", "{E6F82DDE-D60F-4E77-93C5-F4043AC8682B}"
EndProject
Global
	GlobalSection(SolutionConfigurationPlatforms) = preSolution
		Debug|Any CPU = Debug|Any CPU
		Release|Any CPU = Release|Any CPU
	EndGlobalSection
	GlobalSection(ProjectConfigurationPlatforms) = postSolution
		{76A0A496-24A4-493B-8508-CE4CE82F547D}.Debug|Any CPU.ActiveCfg = Debug|Any CPU
		{76A0A496-24A4-493B-8508-CE4CE82F547D}.Debug|Any CPU.Build.0 = Debug|Any CPU
		{76A0A496-24A4-493B-8508-CE4CE82F547D}.Release|Any CPU.ActiveCfg = Release|Any CPU
		{76A0A496-24A4-493B-8508-CE4CE82F547D}.Release|Any CPU.Build.0 = Release|Any CPU
		{56749BD3-211D-470E-A63B-98851EC3EDCF}.Debug|Any CPU.ActiveCfg = Debug|Any CPU
		{56749BD3-211D-470E-A63B-98851EC3EDCF}.Debug|Any CPU.Build.0 = Debug|Any CPU
		{56749BD3-211D-470E-A63B-98851EC3EDCF}.Release|Any CPU.ActiveCfg = Release|Any CPU
		{56749BD3-211D-470E-A63B-98851EC3EDCF}.Release|Any CPU.Build.0 = Release|Any CPU
		{E6F82DDE-D60F-4E77-93C5-F4043AC8682B}.Debug|Any CPU.ActiveCfg = Debug|Any CPU
		{E6F82DDE-D60F-4E77-93C5-F4043AC8682B}.Debug|Any CPU.Build.0 = Debug|Any CPU
		{E6F82DDE-D60F-4E77-93C5-F4043AC8682B}.Release|Any CPU.ActiveCfg = Release|Any CPU
		{E6F82DDE-D60F-4E77-93C5-F4043AC8682B}.Release|Any CPU.Build.0 = Release|Any CPU
	EndGlobalSection
	GlobalSection(SolutionProperties) = preSolution
		HideSolutionNode = FALSE
	EndGlobalSection
	GlobalSection(ExtensibilityGlobals) = postSolution
		SolutionGuid = {98CFE948-E5FE-4E58-95CB-30D3900A7E78}
	EndGlobalSection
EndGlobal
